dependencies:
  espressif/cmake_utilities:
    component_hash: 6983933aa165d5c1bd8ff3716f8873b4dd8577020d9176d22d8568b139ff8753
    source:
      service_url: https://api.components.espressif.com/
      type: service
    version: 0.1.0
  idf:
    component_hash: null
    source:
      type: idf
    version: 5.1.1
manifest_hash: 1e05137389f2c2385fff1ac9d33433383ea2a04ac620efbb19b40ab9f5595ea1
target: esp32
version: 1.0.0
